// !$*UTF8*$!
{
	archiveVersion = 1;
	classes = {
	};
	objectVersion = 110;
	objects = {

/* Begin PBXBuildFile section */
		8854B88A30666DB400E7A747 /* AppDelegate.swift in Sources */ = {isa = PBXBuildFile; fileRef = 8854B88930666DB400E7A747 /* AppDelegate.swift */; };
		8854B88E30666DB400E7A747 /* Main.html in Resources */ = {isa = PBXBuildFile; fileRef = 8854B88C30666DB400E7A747 /* Main.html */; };
		8854B89030666DB400E7A747 /* Icon.png in Resources */ = {isa = PBXBuildFile; fileRef = 8854B88F30666DB400E7A747 /* Icon.png */; };
		8854B89230666DB400E7A747 /* Style.css in Resources */ = {isa = PBXBuildFile; fileRef = 8854B89130666DB400E7A747 /* Style.css */; };
		8854B89430666DB400E7A747 /* Script.js in Resources */ = {isa = PBXBuildFile; fileRef = 8854B89330666DB400E7A747 /* Script.js */; };
		8854B89630666DB400E7A747 /* ViewController.swift in Sources */ = {isa = PBXBuildFile; fileRef = 8854B89530666DB400E7A747 /* ViewController.swift */; };
		8854B89930666DB400E7A747 /* Main.storyboard in Resources */ = {isa = PBXBuildFile; fileRef = 8854B89730666DB400E7A747 /* Main.storyboard */; };
		8854B89B30666DB500E7A747 /* Assets.xcassets in Resources */ = {isa = PBXBuildFile; fileRef = 8854B89A30666DB500E7A747 /* Assets.xcassets */; };
		8854B8A230666DB500E7A747 /* Safari Harness Extension.appex in Embed Foundation Extensions */ = {isa = PBXBuildFile; fileRef = 8854B8A130666DB500E7A747 /* Safari Harness Extension.appex */; settings = {ATTRIBUTES = (RemoveHeadersOnCopy, ); }; };
		8854B8A730666DB500E7A747 /* SafariWebExtensionHandler.swift in Sources */ = {isa = PBXBuildFile; fileRef = 8854B8A630666DB500E7A747 /* SafariWebExtensionHandler.swift */; };
		8854B8B630666DB500E7A747 /* background.js in Resources */ = {isa = PBXBuildFile; fileRef = 8854B8B330666DB500E7A747 /* background.js */; };
		8854B8B730666DB500E7A747 /* manifest.json in Resources */ = {isa = PBXBuildFile; fileRef = 8854B8B430666DB500E7A747 /* manifest.json */; };
		8854B8B830666DB500E7A747 /* content.js in Resources */ = {isa = PBXBuildFile; fileRef = 8854B8B530666DB500E7A747 /* content.js */; };
		8854B8BA30666DB500E7A747 /* toolbar-icon.svg in Resources */ = {isa = PBXBuildFile; fileRef = 8854B8B930666DB500E7A747 /* toolbar-icon.svg */; };
/* End PBXBuildFile section */

/* Begin PBXContainerItemProxy section */
		8854B8A330666DB500E7A747 /* PBXContainerItemProxy */ = {
			isa = PBXContainerItemProxy;
			containerPortal = 8854B87E30666DB400E7A747 /* Project object */;
			proxyType = 1;
			remoteGlobalIDString = 8854B8A030666DB500E7A747;
			remoteInfo = "Safari Harness Extension";
		};
/* End PBXContainerItemProxy section */

/* Begin PBXCopyFilesBuildPhase section */
		8854B8AE30666DB500E7A747 /* Embed Foundation Extensions */ = {
			isa = PBXCopyFilesBuildPhase;
			dstPath = "";
			dstSubfolder = PlugIns;
			files = (
				8854B8A230666DB500E7A747 /* Safari Harness Extension.appex in Embed Foundation Extensions */,
			);
			name = "Embed Foundation Extensions";
		};
/* End PBXCopyFilesBuildPhase section */

/* Begin PBXFileReference section */
		8854B88630666DB400E7A747 /* Safari Harness.app */ = {isa = PBXFileReference; explicitFileType = wrapper.application; includeInIndex = 0; path = "Safari Harness.app"; sourceTree = BUILT_PRODUCTS_DIR; };
		8854B88930666DB400E7A747 /* AppDelegate.swift */ = {isa = PBXFileReference; lastKnownFileType = sourcecode.swift; path = AppDelegate.swift; sourceTree = "<group>"; };
		8854B88D30666DB400E7A747 /* Base */ = {isa = PBXFileReference; lastKnownFileType = text.html; name = Base; path = Base.lproj/Main.html; sourceTree = "<group>"; };
		8854B88F30666DB400E7A747 /* Icon.png */ = {isa = PBXFileReference; lastKnownFileType = image.png; path = Icon.png; sourceTree = "<group>"; };
		8854B89130666DB400E7A747 /* Style.css */ = {isa = PBXFileReference; lastKnownFileType = text.css; path = Style.css; sourceTree = "<group>"; };
		8854B89330666DB400E7A747 /* Script.js */ = {isa = PBXFileReference; lastKnownFileType = sourcecode.javascript; path = Script.js; sourceTree = "<group>"; };
		8854B89530666DB400E7A747 /* ViewController.swift */ = {isa = PBXFileReference; lastKnownFileType = sourcecode.swift; path = ViewController.swift; sourceTree = "<group>"; };
		8854B89830666DB400E7A747 /* Base */ = {isa = PBXFileReference; lastKnownFileType = file.storyboard; name = Base; path = Base.lproj/Main.storyboard; sourceTree = "<group>"; };
		8854B89A30666DB500E7A747 /* Assets.xcassets */ = {isa = PBXFileReference; lastKnownFileType = folder.assetcatalog; path = Assets.xcassets; sourceTree = "<group>"; };
		8854B89C30666DB500E7A747 /* Info.plist */ = {isa = PBXFileReference; lastKnownFileType = text.plist.xml; path = Info.plist; sourceTree = "<group>"; };
		8854B8A130666DB500E7A747 /* Safari Harness Extension.appex */ = {isa = PBXFileReference; explicitFileType = "wrapper.app-extension"; includeInIndex = 0; path = "Safari Harness Extension.appex"; sourceTree = BUILT_PRODUCTS_DIR; };
		8854B8A630666DB500E7A747 /* SafariWebExtensionHandler.swift */ = {isa = PBXFileReference; lastKnownFileType = sourcecode.swift; path = SafariWebExtensionHandler.swift; sourceTree = "<group>"; };
		8854B8A830666DB500E7A747 /* Info.plist */ = {isa = PBXFileReference; lastKnownFileType = text.plist.xml; path = Info.plist; sourceTree = "<group>"; };
		8854B8B330666DB500E7A747 /* background.js */ = {isa = PBXFileReference; lastKnownFileType = sourcecode.javascript; name = background.js; path = ../../extension/background.js; sourceTree = "<group>"; };
		8854B8B430666DB500E7A747 /* manifest.json */ = {isa = PBXFileReference; lastKnownFileType = text.json; name = manifest.json; path = ../../extension/manifest.json; sourceTree = "<group>"; };
		8854B8B530666DB500E7A747 /* content.js */ = {isa = PBXFileReference; lastKnownFileType = sourcecode.javascript; name = content.js; path = ../../extension/content.js; sourceTree = "<group>"; };
		8854B8B930666DB500E7A747 /* toolbar-icon.svg */ = {isa = PBXFileReference; lastKnownFileType = text.xml; name = "toolbar-icon.svg"; path = "../../extension/toolbar-icon.svg"; sourceTree = "<group>"; };
/* End PBXFileReference section */

/* Begin PBXFrameworksBuildPhase section */
		8854B88330666DB400E7A747 /* Frameworks */ = {
			isa = PBXFrameworksBuildPhase;
			files = (
			);
		};
		8854B89E30666DB500E7A747 /* Frameworks */ = {
			isa = PBXFrameworksBuildPhase;
			files = (
			);
		};
/* End PBXFrameworksBuildPhase section */

/* Begin PBXGroup section */
		8854B87D30666DB400E7A747 = {
			isa = PBXGroup;
			children = (
				8854B88830666DB400E7A747 /* Safari Harness */,
				8854B8A530666DB500E7A747 /* Safari Harness Extension */,
				8854B88730666DB400E7A747 /* Products */,
			);
			sourceTree = "<group>";
		};
		8854B88730666DB400E7A747 /* Products */ = {
			isa = PBXGroup;
			children = (
				8854B88630666DB400E7A747 /* Safari Harness.app */,
				8854B8A130666DB500E7A747 /* Safari Harness Extension.appex */,
			);
			name = Products;
			sourceTree = "<group>";
		};
		8854B88830666DB400E7A747 /* Safari Harness */ = {
			isa = PBXGroup;
			children = (
				8854B88930666DB400E7A747 /* AppDelegate.swift */,
				8854B89530666DB400E7A747 /* ViewController.swift */,
				8854B89730666DB400E7A747 /* Main.storyboard */,
				8854B89A30666DB500E7A747 /* Assets.xcassets */,
				8854B89C30666DB500E7A747 /* Info.plist */,
				8854B88B30666DB400E7A747 /* Resources */,
			);
			path = "Safari Harness";
			sourceTree = "<group>";
		};
		8854B88B30666DB400E7A747 /* Resources */ = {
			isa = PBXGroup;
			children = (
				8854B88C30666DB400E7A747 /* Main.html */,
				8854B88F30666DB400E7A747 /* Icon.png */,
				8854B89130666DB400E7A747 /* Style.css */,
				8854B89330666DB400E7A747 /* Script.js */,
			);
			path = Resources;
			sourceTree = "<group>";
		};
		8854B8A530666DB500E7A747 /* Safari Harness Extension */ = {
			isa = PBXGroup;
			children = (
				8854B8B230666DB500E7A747 /* Resources */,
				8854B8A630666DB500E7A747 /* SafariWebExtensionHandler.swift */,
				8854B8A830666DB500E7A747 /* Info.plist */,
			);
			path = "Safari Harness Extension";
			sourceTree = "<group>";
		};
		8854B8B230666DB500E7A747 /* Resources */ = {
			isa = PBXGroup;
			children = (
				8854B8B330666DB500E7A747 /* background.js */,
				8854B8B430666DB500E7A747 /* manifest.json */,
				8854B8B530666DB500E7A747 /* content.js */,
				8854B8B930666DB500E7A747 /* toolbar-icon.svg */,
			);
			name = Resources;
			path = "Safari Harness Extension";
			sourceTree = SOURCE_ROOT;
		};
/* End PBXGroup section */

/* Begin PBXNativeTarget section */
		8854B88530666DB400E7A747 /* Safari Harness */ = {
			isa = PBXNativeTarget;
			buildConfigurationList = 8854B8AF30666DB500E7A747 /* Build configuration list for PBXNativeTarget "Safari Harness" */;
			buildPhases = (
				8854B88230666DB400E7A747 /* Sources */,
				8854B88330666DB400E7A747 /* Frameworks */,
				8854B88430666DB400E7A747 /* Resources */,
				8854B8AE30666DB500E7A747 /* Embed Foundation Extensions */,
			);
			buildRules = (
			);
			dependencies = (
				8854B8A430666DB500E7A747 /* PBXTargetDependency */,
			);
			name = "Safari Harness";
			productName = "Safari Harness";
			productReference = 8854B88630666DB400E7A747 /* Safari Harness.app */;
			productType = "com.apple.product-type.application";
		};
		8854B8A030666DB500E7A747 /* Safari Harness Extension */ = {
			isa = PBXNativeTarget;
			buildConfigurationList = 8854B8AB30666DB500E7A747 /* Build configuration list for PBXNativeTarget "Safari Harness Extension" */;
			buildPhases = (
				8854B89D30666DB500E7A747 /* Sources */,
				8854B89E30666DB500E7A747 /* Frameworks */,
				8854B89F30666DB500E7A747 /* Resources */,
			);
			buildRules = (
			);
			name = "Safari Harness Extension";
			productName = "Safari Harness Extension";
			productReference = 8854B8A130666DB500E7A747 /* Safari Harness Extension.appex */;
			productType = "com.apple.product-type.app-extension";
		};
/* End PBXNativeTarget section */

/* Begin PBXProject section */
		8854B87E30666DB400E7A747 /* Project object */ = {
			isa = PBXProject;
			attributes = {
				BuildIndependentTargetsInParallel = 1;
				LastSwiftUpdateCheck = 2700;
				LastUpgradeCheck = 2700;
				TargetAttributes = {
					8854B88530666DB400E7A747 = {
						CreatedOnToolsVersion = 27.0;
					};
					8854B8A030666DB500E7A747 = {
						CreatedOnToolsVersion = 27.0;
					};
				};
			};
			buildConfigurationList = 8854B88130666DB400E7A747 /* Build configuration list for PBXProject "Safari Harness" */;
			developmentRegion = en;
			hasScannedForEncodings = 0;
			knownRegions = (
				en,
				Base,
			);
			mainGroup = 8854B87D30666DB400E7A747;
			minimizedProjectReferenceProxies = 1;
			preferredProjectObjectVersion = 77;
			productRefGroup = 8854B88730666DB400E7A747 /* Products */;
			projectDirPath = "";
			projectRoot = "";
			targets = (
				8854B88530666DB400E7A747 /* Safari Harness */,
				8854B8A030666DB500E7A747 /* Safari Harness Extension */,
			);
		};
/* End PBXProject section */

/* Begin PBXResourcesBuildPhase section */
		8854B88430666DB400E7A747 /* Resources */ = {
			isa = PBXResourcesBuildPhase;
			files = (
				8854B89030666DB400E7A747 /* Icon.png in Resources */,
				8854B89930666DB400E7A747 /* Main.storyboard in Resources */,
				8854B89430666DB400E7A747 /* Script.js in Resources */,
				8854B88E30666DB400E7A747 /* Main.html in Resources */,
				8854B89B30666DB500E7A747 /* Assets.xcassets in Resources */,
				8854B89230666DB400E7A747 /* Style.css in Resources */,
			);
		};
		8854B89F30666DB500E7A747 /* Resources */ = {
			isa = PBXResourcesBuildPhase;
			files = (
				8854B8B830666DB500E7A747 /* content.js in Resources */,
				8854B8B730666DB500E7A747 /* manifest.json in Resources */,
				8854B8B630666DB500E7A747 /* background.js in Resources */,
				8854B8BA30666DB500E7A747 /* toolbar-icon.svg in Resources */,
			);
		};
/* End PBXResourcesBuildPhase section */

/* Begin PBXSourcesBuildPhase section */
		8854B88230666DB400E7A747 /* Sources */ = {
			isa = PBXSourcesBuildPhase;
			files = (
				8854B89630666DB400E7A747 /* ViewController.swift in Sources */,
				8854B88A30666DB400E7A747 /* AppDelegate.swift in Sources */,
			);
		};
		8854B89D30666DB500E7A747 /* Sources */ = {
			isa = PBXSourcesBuildPhase;
			files = (
				8854B8A730666DB500E7A747 /* SafariWebExtensionHandler.swift in Sources */,
			);
		};
/* End PBXSourcesBuildPhase section */

/* Begin PBXTargetDependency section */
		8854B8A430666DB500E7A747 /* PBXTargetDependency */ = {
			isa = PBXTargetDependency;
			target = 8854B8A030666DB500E7A747 /* Safari Harness Extension */;
			targetProxy = 8854B8A330666DB500E7A747 /* PBXContainerItemProxy */;
		};
/* End PBXTargetDependency section */

/* Begin PBXVariantGroup section */
		8854B88C30666DB400E7A747 /* Main.html */ = {
			isa = PBXVariantGroup;
			children = (
				8854B88D30666DB400E7A747 /* Base */,
			);
			name = Main.html;
			sourceTree = "<group>";
		};
		8854B89730666DB400E7A747 /* Main.storyboard */ = {
			isa = PBXVariantGroup;
			children = (
				8854B89830666DB400E7A747 /* Base */,
			);
			name = Main.storyboard;
			sourceTree = "<group>";
		};
/* End PBXVariantGroup section */

/* Begin XCBuildConfiguration section */
		8854B8A930666DB500E7A747 /* Debug configuration for PBXProject "Safari Harness" */ = {
			isa = XCBuildConfiguration;
			buildSettings = {
				ALWAYS_SEARCH_USER_PATHS = NO;
				ASSETCATALOG_COMPILER_GENERATE_SWIFT_ASSET_SYMBOL_EXTENSIONS = YES;
				CLANG_ANALYZER_NONNULL = YES;
				CLANG_ANALYZER_NUMBER_OBJECT_CONVERSION = YES_AGGRESSIVE;
				CLANG_CXX_LANGUAGE_STANDARD = "gnu++20";
				CLANG_ENABLE_MODULES = YES;
				CLANG_ENABLE_OBJC_ARC = YES;
				CLANG_ENABLE_OBJC_WEAK = YES;
				CLANG_WARN_BLOCK_CAPTURE_AUTORELEASING = YES;
				CLANG_WARN_BOOL_CONVERSION = YES;
				CLANG_WARN_COMMA = YES;
				CLANG_WARN_CONSTANT_CONVERSION = YES;
				CLANG_WARN_DEPRECATED_OBJC_IMPLEMENTATIONS = YES;
				CLANG_WARN_DIRECT_OBJC_ISA_USAGE = YES_ERROR;
				CLANG_WARN_DOCUMENTATION_COMMENTS = YES;
				CLANG_WARN_EMPTY_BODY = YES;
				CLANG_WARN_ENUM_CONVERSION = YES;
				CLANG_WARN_INFINITE_RECURSION = YES;
				CLANG_WARN_INT_CONVERSION = YES;
				CLANG_WARN_NON_LITERAL_NULL_CONVERSION = YES;
				CLANG_WARN_OBJC_IMPLICIT_RETAIN_SELF = YES;
				CLANG_WARN_OBJC_LITERAL_CONVERSION = YES;
				CLANG_WARN_OBJC_ROOT_CLASS = YES_ERROR;
				CLANG_WARN_QUOTED_INCLUDE_IN_FRAMEWORK_HEADER = YES;
				CLANG_WARN_RANGE_LOOP_ANALYSIS = YES;
				CLANG_WARN_STRICT_PROTOTYPES = YES;
				CLANG_WARN_SUSPICIOUS_MOVE = YES;
				CLANG_WARN_UNGUARDED_AVAILABILITY = YES_AGGRESSIVE;
				CLANG_WARN_UNREACHABLE_CODE = YES;
				CLANG_WARN__DUPLICATE_METHOD_MATCH = YES;
				COPY_PHASE_STRIP = NO;
				DEBUG_INFORMATION_FORMAT = dwarf;
				ENABLE_STRICT_OBJC_MSGSEND = YES;
				ENABLE_TESTABILITY = YES;
				ENABLE_USER_SCRIPT_SANDBOXING = YES;
				GCC_C_LANGUAGE_STANDARD = gnu17;
				GCC_DYNAMIC_NO_PIC = NO;
				GCC_NO_COMMON_BLOCKS = YES;
				GCC_OPTIMIZATION_LEVEL = 0;
				GCC_PREPROCESSOR_DEFINITIONS = (
					"DEBUG=1",
					"$(inherited)",
				);
				GCC_WARN_64_TO_32_BIT_CONVERSION = YES;
				GCC_WARN_ABOUT_RETURN_TYPE = YES_ERROR;
				GCC_WARN_UNDECLARED_SELECTOR = YES;
				GCC_WARN_UNINITIALIZED_AUTOS = YES_AGGRESSIVE;
				GCC_WARN_UNUSED_FUNCTION = YES;
				GCC_WARN_UNUSED_VARIABLE = YES;
				LOCALIZATION_PREFERS_STRING_CATALOGS = YES;
				MACOSX_DEPLOYMENT_TARGET = 27.0;
				MTL_ENABLE_DEBUG_INFO = INCLUDE_SOURCE;
				MTL_FAST_MATH = YES;
				ONLY_ACTIVE_ARCH = YES;
				SDKROOT = macosx;
				SWIFT_ACTIVE_COMPILATION_CONDITIONS = "DEBUG $(inherited)";
				SWIFT_OPTIMIZATION_LEVEL = "-Onone";
			};
			name = Debug;
		};
		8854B8AA30666DB500E7A747 /* Release configuration for PBXProject "Safari Harness" */ = {
			isa = XCBuildConfiguration;
			buildSettings = {
				ALWAYS_SEARCH_USER_PATHS = NO;
				ASSETCATALOG_COMPILER_GENERATE_SWIFT_ASSET_SYMBOL_EXTENSIONS = YES;
				CLANG_ANALYZER_NONNULL = YES;
				CLANG_ANALYZER_NUMBER_OBJECT_CONVERSION = YES_AGGRESSIVE;
				CLANG_CXX_LANGUAGE_STANDARD = "gnu++20";
				CLANG_ENABLE_MODULES = YES;
				CLANG_ENABLE_OBJC_ARC = YES;
				CLANG_ENABLE_OBJC_WEAK = YES;
				CLANG_WARN_BLOCK_CAPTURE_AUTORELEASING = YES;
				CLANG_WARN_BOOL_CONVERSION = YES;
				CLANG_WARN_COMMA = YES;
				CLANG_WARN_CONSTANT_CONVERSION = YES;
				CLANG_WARN_DEPRECATED_OBJC_IMPLEMENTATIONS = YES;
				CLANG_WARN_DIRECT_OBJC_ISA_USAGE = YES_ERROR;
				CLANG_WARN_DOCUMENTATION_COMMENTS = YES;
				CLANG_WARN_EMPTY_BODY = YES;
				CLANG_WARN_ENUM_CONVERSION = YES;
				CLANG_WARN_INFINITE_RECURSION = YES;
				CLANG_WARN_INT_CONVERSION = YES;
				CLANG_WARN_NON_LITERAL_NULL_CONVERSION = YES;
				CLANG_WARN_OBJC_IMPLICIT_RETAIN_SELF = YES;
				CLANG_WARN_OBJC_LITERAL_CONVERSION = YES;
				CLANG_WARN_OBJC_ROOT_CLASS = YES_ERROR;
				CLANG_WARN_QUOTED_INCLUDE_IN_FRAMEWORK_HEADER = YES;
				CLANG_WARN_RANGE_LOOP_ANALYSIS = YES;
				CLANG_WARN_STRICT_PROTOTYPES = YES;
				CLANG_WARN_SUSPICIOUS_MOVE = YES;
				CLANG_WARN_UNGUARDED_AVAILABILITY = YES_AGGRESSIVE;
				CLANG_WARN_UNREACHABLE_CODE = YES;
				CLANG_WARN__DUPLICATE_METHOD_MATCH = YES;
				COPY_PHASE_STRIP = NO;
				DEBUG_INFORMATION_FORMAT = "dwarf-with-dsym";
				ENABLE_NS_ASSERTIONS = NO;
				ENABLE_STRICT_OBJC_MSGSEND = YES;
				ENABLE_USER_SCRIPT_SANDBOXING = YES;
				GCC_C_LANGUAGE_STANDARD = gnu17;
				GCC_NO_COMMON_BLOCKS = YES;
				GCC_WARN_64_TO_32_BIT_CONVERSION = YES;
				GCC_WARN_ABOUT_RETURN_TYPE = YES_ERROR;
				GCC_WARN_UNDECLARED_SELECTOR = YES;
				GCC_WARN_UNINITIALIZED_AUTOS = YES_AGGRESSIVE;
				GCC_WARN_UNUSED_FUNCTION = YES;
				GCC_WARN_UNUSED_VARIABLE = YES;
				LOCALIZATION_PREFERS_STRING_CATALOGS = YES;
				MACOSX_DEPLOYMENT_TARGET = 27.0;
				MTL_ENABLE_DEBUG_INFO = NO;
				MTL_FAST_MATH = YES;
				SDKROOT = macosx;
				SWIFT_COMPILATION_MODE = wholemodule;
			};
			name = Release;
		};
		8854B8AC30666DB500E7A747 /* Debug configuration for PBXNativeTarget "Safari Harness Extension" */ = {
			isa = XCBuildConfiguration;
			buildSettings = {
				CODE_SIGN_STYLE = Automatic;
				DEVELOPMENT_TEAM = AAVB324H37;
				CURRENT_PROJECT_VERSION = 1;
				ENABLE_APP_SANDBOX = YES;
				ENABLE_HARDENED_RUNTIME = YES;
				ENABLE_OUTGOING_NETWORK_CONNECTIONS = YES;
				ENABLE_USER_SELECTED_FILES = readonly;
				GENERATE_INFOPLIST_FILE = YES;
				INFOPLIST_FILE = "Safari Harness Extension/Info.plist";
				INFOPLIST_KEY_CFBundleDisplayName = "Safari Harness Extension";
				INFOPLIST_KEY_NSHumanReadableCopyright = "";
				LD_RUNPATH_SEARCH_PATHS = (
					"$(inherited)",
					"@executable_path/../Frameworks",
					"@executable_path/../../../../Frameworks",
				);
				MACOSX_DEPLOYMENT_TARGET = 12.0;
				MARKETING_VERSION = 1.0;
				OTHER_LDFLAGS = (
					"-framework",
					SafariServices,
				);
				PRODUCT_BUNDLE_IDENTIFIER = "at.aktan.safari-harness.Extension";
				PRODUCT_NAME = "$(TARGET_NAME)";
				SKIP_INSTALL = YES;
				STRING_CATALOG_GENERATE_SYMBOLS = YES;
				SWIFT_APPROACHABLE_CONCURRENCY = YES;
				SWIFT_EMIT_LOC_STRINGS = YES;
				SWIFT_UPCOMING_FEATURE_MEMBER_IMPORT_VISIBILITY = YES;
				SWIFT_VERSION = 5.0;
			};
			name = Debug;
		};
		8854B8AD30666DB500E7A747 /* Release configuration for PBXNativeTarget "Safari Harness Extension" */ = {
			isa = XCBuildConfiguration;
			buildSettings = {
				CODE_SIGN_STYLE = Automatic;
				DEVELOPMENT_TEAM = AAVB324H37;
				CURRENT_PROJECT_VERSION = 1;
				ENABLE_APP_SANDBOX = YES;
				ENABLE_HARDENED_RUNTIME = YES;
				ENABLE_OUTGOING_NETWORK_CONNECTIONS = YES;
				ENABLE_USER_SELECTED_FILES = readonly;
				GENERATE_INFOPLIST_FILE = YES;
				INFOPLIST_FILE = "Safari Harness Extension/Info.plist";
				INFOPLIST_KEY_CFBundleDisplayName = "Safari Harness Extension";
				INFOPLIST_KEY_NSHumanReadableCopyright = "";
				LD_RUNPATH_SEARCH_PATHS = (
					"$(inherited)",
					"@executable_path/../Frameworks",
					"@executable_path/../../../../Frameworks",
				);
				MACOSX_DEPLOYMENT_TARGET = 12.0;
				MARKETING_VERSION = 1.0;
				OTHER_LDFLAGS = (
					"-framework",
					SafariServices,
				);
				PRODUCT_BUNDLE_IDENTIFIER = "at.aktan.safari-harness.Extension";
				PRODUCT_NAME = "$(TARGET_NAME)";
				SKIP_INSTALL = YES;
				STRING_CATALOG_GENERATE_SYMBOLS = YES;
				SWIFT_APPROACHABLE_CONCURRENCY = YES;
				SWIFT_EMIT_LOC_STRINGS = YES;
				SWIFT_UPCOMING_FEATURE_MEMBER_IMPORT_VISIBILITY = YES;
				SWIFT_VERSION = 5.0;
			};
			name = Release;
		};
		8854B8B030666DB500E7A747 /* Debug configuration for PBXNativeTarget "Safari Harness" */ = {
			isa = XCBuildConfiguration;
			buildSettings = {
				ASSETCATALOG_COMPILER_APPICON_NAME = AppIcon;
				ASSETCATALOG_COMPILER_GLOBAL_ACCENT_COLOR_NAME = AccentColor;
				CODE_SIGN_STYLE = Automatic;
				DEVELOPMENT_TEAM = AAVB324H37;
				COMBINE_HIDPI_IMAGES = YES;
				CURRENT_PROJECT_VERSION = 1;
				ENABLE_APP_SANDBOX = YES;
				ENABLE_HARDENED_RUNTIME = YES;
				ENABLE_OUTGOING_NETWORK_CONNECTIONS = YES;
				ENABLE_USER_SELECTED_FILES = readonly;
				GENERATE_INFOPLIST_FILE = YES;
				INFOPLIST_FILE = "Safari Harness/Info.plist";
				INFOPLIST_KEY_CFBundleDisplayName = "Safari Harness";
				INFOPLIST_KEY_NSHumanReadableCopyright = "";
				INFOPLIST_KEY_NSMainStoryboardFile = Main;
				INFOPLIST_KEY_NSPrincipalClass = NSApplication;
				INFOPLIST_KEY_NSViewGestureRecognizerIsExclusive = NO;
				LD_RUNPATH_SEARCH_PATHS = (
					"$(inherited)",
					"@executable_path/../Frameworks",
				);
				MARKETING_VERSION = 1.0;
				OTHER_LDFLAGS = (
					"-framework",
					SafariServices,
					"-framework",
					WebKit,
				);
				PRODUCT_BUNDLE_IDENTIFIER = "at.aktan.safari-harness";
				PRODUCT_NAME = "$(TARGET_NAME)";
				REGISTER_APP_GROUPS = YES;
				STRING_CATALOG_GENERATE_SYMBOLS = YES;
				SWIFT_APPROACHABLE_CONCURRENCY = YES;
				SWIFT_DEFAULT_ACTOR_ISOLATION = MainActor;
				SWIFT_EMIT_LOC_STRINGS = YES;
				SWIFT_UPCOMING_FEATURE_MEMBER_IMPORT_VISIBILITY = YES;
				SWIFT_VERSION = 5.0;
			};
			name = Debug;
		};
		8854B8B130666DB500E7A747 /* Release configuration for PBXNativeTarget "Safari Harness" */ = {
			isa = XCBuildConfiguration;
			buildSettings = {
				ASSETCATALOG_COMPILER_APPICON_NAME = AppIcon;
				ASSETCATALOG_COMPILER_GLOBAL_ACCENT_COLOR_NAME = AccentColor;
				CODE_SIGN_STYLE = Automatic;
				DEVELOPMENT_TEAM = AAVB324H37;
				COMBINE_HIDPI_IMAGES = YES;
				CURRENT_PROJECT_VERSION = 1;
				ENABLE_APP_SANDBOX = YES;
				ENABLE_HARDENED_RUNTIME = YES;
				ENABLE_OUTGOING_NETWORK_CONNECTIONS = YES;
				ENABLE_USER_SELECTED_FILES = readonly;
				GENERATE_INFOPLIST_FILE = YES;
				INFOPLIST_FILE = "Safari Harness/Info.plist";
				INFOPLIST_KEY_CFBundleDisplayName = "Safari Harness";
				INFOPLIST_KEY_NSHumanReadableCopyright = "";
				INFOPLIST_KEY_NSMainStoryboardFile = Main;
				INFOPLIST_KEY_NSPrincipalClass = NSApplication;
				INFOPLIST_KEY_NSViewGestureRecognizerIsExclusive = NO;
				LD_RUNPATH_SEARCH_PATHS = (
					"$(inherited)",
					"@executable_path/../Frameworks",
				);
				MARKETING_VERSION = 1.0;
				OTHER_LDFLAGS = (
					"-framework",
					SafariServices,
					"-framework",
					WebKit,
				);
				PRODUCT_BUNDLE_IDENTIFIER = "at.aktan.safari-harness";
				PRODUCT_NAME = "$(TARGET_NAME)";
				REGISTER_APP_GROUPS = YES;
				STRING_CATALOG_GENERATE_SYMBOLS = YES;
				SWIFT_APPROACHABLE_CONCURRENCY = YES;
				SWIFT_DEFAULT_ACTOR_ISOLATION = MainActor;
				SWIFT_EMIT_LOC_STRINGS = YES;
				SWIFT_UPCOMING_FEATURE_MEMBER_IMPORT_VISIBILITY = YES;
				SWIFT_VERSION = 5.0;
			};
			name = Release;
		};
/* End XCBuildConfiguration section */

/* Begin XCConfigurationList section */
		8854B88130666DB400E7A747 /* Build configuration list for PBXProject "Safari Harness" */ = {
			isa = XCConfigurationList;
			buildConfigurations = (
				8854B8A930666DB500E7A747 /* Debug configuration for PBXProject "Safari Harness" */,
				8854B8AA30666DB500E7A747 /* Release configuration for PBXProject "Safari Harness" */,
			);
			defaultConfigurationName = Release;
		};
		8854B8AB30666DB500E7A747 /* Build configuration list for PBXNativeTarget "Safari Harness Extension" */ = {
			isa = XCConfigurationList;
			buildConfigurations = (
				8854B8AC30666DB500E7A747 /* Debug configuration for PBXNativeTarget "Safari Harness Extension" */,
				8854B8AD30666DB500E7A747 /* Release configuration for PBXNativeTarget "Safari Harness Extension" */,
			);
			defaultConfigurationName = Release;
		};
		8854B8AF30666DB500E7A747 /* Build configuration list for PBXNativeTarget "Safari Harness" */ = {
			isa = XCConfigurationList;
			buildConfigurations = (
				8854B8B030666DB500E7A747 /* Debug configuration for PBXNativeTarget "Safari Harness" */,
				8854B8B130666DB500E7A747 /* Release configuration for PBXNativeTarget "Safari Harness" */,
			);
			defaultConfigurationName = Release;
		};
/* End XCConfigurationList section */
	};
	rootObject = 8854B87E30666DB400E7A747 /* Project object */;
	validationLevel = 1;
}
